
Microsoft Visual Studio Solution File, Format Version 12.00
# Visual Studio 15
VisualStudioVersion = 15.0.27428.2015
MinimumVisualStudioVersion = 10.0.40219.1
Project("{FAE04EC0-301F-11D3-BF4B-00C04F79EFBC}") = "WerterStore.Api", "WerterStore.Api\WerterStore.Api.csproj", "{D142D2DA-3ABF-4712-96E6-09E3765D25BB}"
EndProject
Project("{FAE04EC0-301F-11D3-BF4B-00C04F79EFBC}") = "WerterStore.Domain", "WerterStore.Domain\WerterStore.Domain.csproj", "{A6E33B49-1C5B-4B68-B217-A26A132E3859}"
EndProject
Project("{FAE04EC0-301F-11D3-BF4B-00C04F79EFBC}") = "WerterStore.Infra", "WerterStore.Infra\WerterStore.Infra.csproj", "{E22DC253-679E-49BF-8252-7883D659D272}"
EndProject
Project("{FAE04EC0-301F-11D3-BF4B-00C04F79EFBC}") = "WerterStore.Shared", "WerterStore.Shared\WerterStore.Shared.csproj", "{E7B70A74-0FF9-4F14-AD76-701A9C592E3F}"
EndProject
Project("{FAE04EC0-301F-11D3-BF4B-00C04F79EFBC}") = "WerterStore.Tests", "WerterStore.Tests\WerterStore.Tests.csproj", "{9891E2D2-785B-4EBB-BCBD-3A226A890BF3}"
EndProject
Global
	GlobalSection(SolutionConfigurationPlatforms) = preSolution
		Debug|Any CPU = Debug|Any CPU
		Release|Any CPU = Release|Any CPU
	EndGlobalSection
	GlobalSection(ProjectConfigurationPlatforms) = postSolution
		{D142D2DA-3ABF-4712-96E6-09E3765D25BB}.Debug|Any CPU.ActiveCfg = Debug|Any CPU
		{D142D2DA-3ABF-4712-96E6-09E3765D25BB}.Debug|Any CPU.Build.0 = Debug|Any CPU
		{D142D2DA-3ABF-4712-96E6-09E3765D25BB}.Release|Any CPU.ActiveCfg = Release|Any CPU
		{D142D2DA-3ABF-4712-96E6-09E3765D25BB}.Release|Any CPU.Build.0 = Release|Any CPU
		{A6E33B49-1C5B-4B68-B217-A26A132E3859}.Debug|Any CPU.ActiveCfg = Debug|Any CPU
		{A6E33B49-1C5B-4B68-B217-A26A132E3859}.Debug|Any CPU.Build.0 = Debug|Any CPU
		{A6E33B49-1C5B-4B68-B217-A26A132E3859}.Release|Any CPU.ActiveCfg = Release|Any CPU
		{A6E33B49-1C5B-4B68-B217-A26A132E3859}.Release|Any CPU.Build.0 = Release|Any CPU
		{E22DC253-679E-49BF-8252-7883D659D272}.Debug|Any CPU.ActiveCfg = Debug|Any CPU
		{E22DC253-679E-49BF-8252-7883D659D272}.Debug|Any CPU.Build.0 = Debug|Any CPU
		{E22DC253-679E-49BF-8252-7883D659D272}.Release|Any CPU.ActiveCfg = Release|Any CPU
		{E22DC253-679E-49BF-8252-7883D659D272}.Release|Any CPU.Build.0 = Release|Any CPU
		{E7B70A74-0FF9-4F14-AD76-701A9C592E3F}.Debug|Any CPU.ActiveCfg = Debug|Any CPU
		{E7B70A74-0FF9-4F14-AD76-701A9C592E3F}.Debug|Any CPU.Build.0 = Debug|Any CPU
		{E7B70A74-0FF9-4F14-AD76-701A9C592E3F}.Release|Any CPU.ActiveCfg = Release|Any CPU
		{E7B70A74-0FF9-4F14-AD76-701A9C592E3F}.Release|Any CPU.Build.0 = Release|Any CPU
		{9891E2D2-785B-4EBB-BCBD-3A226A890BF3}.Debug|Any CPU.ActiveCfg = Debug|Any CPU
		{9891E2D2-785B-4EBB-BCBD-3A226A890BF3}.Debug|Any CPU.Build.0 = Debug|Any CPU
		{9891E2D2-785B-4EBB-BCBD-3A226A890BF3}.Release|Any CPU.ActiveCfg = Release|Any CPU
		{9891E2D2-785B-4EBB-BCBD-3A226A890BF3}.Release|Any CPU.Build.0 = Release|Any CPU
	EndGlobalSection
	GlobalSection(SolutionProperties) = preSolution
		HideSolutionNode = FALSE
	EndGlobalSection
	GlobalSection(ExtensibilityGlobals) = postSolution
		SolutionGuid = {DC815B48-CF7A-41B4-A2E5-CE2E61EAB20C}
	EndGlobalSection
EndGlobal
